
Microsoft Visual Studio Solution File, Format Version 12.00
# Visual Studio Version 16
VisualStudioVersion = 16.0.31424.327
MinimumVisualStudioVersion = 10.0.40219.1
Project("{8BC9CEB8-8B4A-11D0-8D11-00A0C91BC942}") = "ControlTask_1", "Task_1\Task_1.vcxproj", "{CFF5B7C9-6F01-4780-9381-568B817EF89E}"
EndProject
Project("{8BC9CEB8-8B4A-11D0-8D11-00A0C91BC942}") = "ControlTask_2", "Task_2\Task_2.vcxproj", "{696B1C29-4118-48C6-BD4F-DB36365F5BAC}"
EndProject
Project("{8BC9CEB8-8B4A-11D0-8D11-00A0C91BC942}") = "ControlTask_3", "Task_3\Task_3.vcxproj", "{AEF0A651-BCA8-4936-94FF-41B8886B007E}"
EndProject
Project("{8BC9CEB8-8B4A-11D0-8D11-00A0C91BC942}") = "ControlTask_4", "ControlTask_4\ControlTask_4.vcxproj", "{369E4F87-4A66-4E6C-B6B1-7E1084296007}"
EndProject
Project("{8BC9CEB8-8B4A-11D0-8D11-00A0C91BC942}") = "ControlTask_5", "ControlTask_5\ControlTask_5.vcxproj", "{D1B6C031-DB6C-49F5-9754-88A9B408F691}"
EndProject
Project("{8BC9CEB8-8B4A-11D0-8D11-00A0C91BC942}") = "ControlTask_6", "ControlTask_6\ControlTask_6.vcxproj", "{F0A8B38B-0E18-4FA4-8C69-2756E041FE59}"
EndProject
Project("{8BC9CEB8-8B4A-11D0-8D11-00A0C91BC942}") = "ControlTask_7", "ControlTask_7\ControlTask_7.vcxproj", "{B36E4F26-4E4B-4DB3-B79E-FC358DB614E5}"
EndProject
Project("{8BC9CEB8-8B4A-11D0-8D11-00A0C91BC942}") = "ControlTask_8", "ControlTask_8\ControlTask_8.vcxproj", "{BCBAC259-0A09-42DC-8727-B02B6D43E7D0}"
EndProject
Project("{8BC9CEB8-8B4A-11D0-8D11-00A0C91BC942}") = "ControlTask_9", "ControlTask_9\ControlTask_9.vcxproj", "{984CF9F2-B80A-434B-A6C4-F4057316B7C9}"
EndProject
Project("{8BC9CEB8-8B4A-11D0-8D11-00A0C91BC942}") = "ControlTask_10", "ControlTask_10\ControlTask_10.vcxproj", "{B0DDC376-58A6-4E48-B587-4AE07F61213B}"
EndProject
Project("{8BC9CEB8-8B4A-11D0-8D11-00A0C91BC942}") = "ControlTask_11", "ControlTask_11\ControlTask_11.vcxproj", "{D4AA5407-A4BB-4E9D-9626-128DD20E56EC}"
EndProject
Project("{8BC9CEB8-8B4A-11D0-8D11-00A0C91BC942}") = "ControlTask_13", "ControlTask_12\ControlTask_12.vcxproj", "{C93AD26F-E9D5-419F-82CB-22A57654CAF1}"
EndProject
Project("{8BC9CEB8-8B4A-11D0-8D11-00A0C91BC942}") = "ControlTask_14", "ControlTask_14\ControlTask_14.vcxproj", "{D8ABF6E8-334F-4BCF-A97C-8C97B3B086B9}"
EndProject
Project("{8BC9CEB8-8B4A-11D0-8D11-00A0C91BC942}") = "ControlTask_15", "ControlTask_15\ControlTask_15.vcxproj", "{583A42DF-B08A-4962-AB97-5DD1B932234E}"
EndProject
Global
	GlobalSection(SolutionConfigurationPlatforms) = preSolution
		Debug|x64 = Debug|x64
		Debug|x86 = Debug|x86
		Release|x64 = Release|x64
		Release|x86 = Release|x86
	EndGlobalSection
	GlobalSection(ProjectConfigurationPlatforms) = postSolution
		{CFF5B7C9-6F01-4780-9381-568B817EF89E}.Debug|x64.ActiveCfg = Debug|x64
		{CFF5B7C9-6F01-4780-9381-568B817EF89E}.Debug|x64.Build.0 = Debug|x64
		{CFF5B7C9-6F01-4780-9381-568B817EF89E}.Debug|x86.ActiveCfg = Debug|Win32
		{CFF5B7C9-6F01-4780-9381-568B817EF89E}.Debug|x86.Build.0 = Debug|Win32
		{CFF5B7C9-6F01-4780-9381-568B817EF89E}.Release|x64.ActiveCfg = Release|x64
		{CFF5B7C9-6F01-4780-9381-568B817EF89E}.Release|x64.Build.0 = Release|x64
		{CFF5B7C9-6F01-4780-9381-568B817EF89E}.Release|x86.ActiveCfg = Release|Win32
		{CFF5B7C9-6F01-4780-9381-568B817EF89E}.Release|x86.Build.0 = Release|Win32
		{696B1C29-4118-48C6-BD4F-DB36365F5BAC}.Debug|x64.ActiveCfg = Debug|x64
		{696B1C29-4118-48C6-BD4F-DB36365F5BAC}.Debug|x64.Build.0 = Debug|x64
		{696B1C29-4118-48C6-BD4F-DB36365F5BAC}.Debug|x86.ActiveCfg = Debug|Win32
		{696B1C29-4118-48C6-BD4F-DB36365F5BAC}.Debug|x86.Build.0 = Debug|Win32
		{696B1C29-4118-48C6-BD4F-DB36365F5BAC}.Release|x64.ActiveCfg = Release|x64
		{696B1C29-4118-48C6-BD4F-DB36365F5BAC}.Release|x64.Build.0 = Release|x64
		{696B1C29-4118-48C6-BD4F-DB36365F5BAC}.Release|x86.ActiveCfg = Release|Win32
		{696B1C29-4118-48C6-BD4F-DB36365F5BAC}.Release|x86.Build.0 = Release|Win32
		{AEF0A651-BCA8-4936-94FF-41B8886B007E}.Debug|x64.ActiveCfg = Debug|x64
		{AEF0A651-BCA8-4936-94FF-41B8886B007E}.Debug|x64.Build.0 = Debug|x64
		{AEF0A651-BCA8-4936-94FF-41B8886B007E}.Debug|x86.ActiveCfg = Debug|Win32
		{AEF0A651-BCA8-4936-94FF-41B8886B007E}.Debug|x86.Build.0 = Debug|Win32
		{AEF0A651-BCA8-4936-94FF-41B8886B007E}.Release|x64.ActiveCfg = Release|x64
		{AEF0A651-BCA8-4936-94FF-41B8886B007E}.Release|x64.Build.0 = Release|x64
		{AEF0A651-BCA8-4936-94FF-41B8886B007E}.Release|x86.ActiveCfg = Release|Win32
		{AEF0A651-BCA8-4936-94FF-41B8886B007E}.Release|x86.Build.0 = Release|Win32
		{369E4F87-4A66-4E6C-B6B1-7E1084296007}.Debug|x64.ActiveCfg = Debug|x64
		{369E4F87-4A66-4E6C-B6B1-7E1084296007}.Debug|x64.Build.0 = Debug|x64
		{369E4F87-4A66-4E6C-B6B1-7E1084296007}.Debug|x86.ActiveCfg = Debug|Win32
		{369E4F87-4A66-4E6C-B6B1-7E1084296007}.Debug|x86.Build.0 = Debug|Win32
		{369E4F87-4A66-4E6C-B6B1-7E1084296007}.Release|x64.ActiveCfg = Release|x64
		{369E4F87-4A66-4E6C-B6B1-7E1084296007}.Release|x64.Build.0 = Release|x64
		{369E4F87-4A66-4E6C-B6B1-7E1084296007}.Release|x86.ActiveCfg = Release|Win32
		{369E4F87-4A66-4E6C-B6B1-7E1084296007}.Release|x86.Build.0 = Release|Win32
		{D1B6C031-DB6C-49F5-9754-88A9B408F691}.Debug|x64.ActiveCfg = Debug|x64
		{D1B6C031-DB6C-49F5-9754-88A9B408F691}.Debug|x64.Build.0 = Debug|x64
		{D1B6C031-DB6C-49F5-9754-88A9B408F691}.Debug|x86.ActiveCfg = Debug|Win32
		{D1B6C031-DB6C-49F5-9754-88A9B408F691}.Debug|x86.Build.0 = Debug|Win32
		{D1B6C031-DB6C-49F5-9754-88A9B408F691}.Release|x64.ActiveCfg = Release|x64
		{D1B6C031-DB6C-49F5-9754-88A9B408F691}.Release|x64.Build.0 = Release|x64
		{D1B6C031-DB6C-49F5-9754-88A9B408F691}.Release|x86.ActiveCfg = Release|Win32
		{D1B6C031-DB6C-49F5-9754-88A9B408F691}.Release|x86.Build.0 = Release|Win32
		{F0A8B38B-0E18-4FA4-8C69-2756E041FE59}.Debug|x64.ActiveCfg = Debug|x64
		{F0A8B38B-0E18-4FA4-8C69-2756E041FE59}.Debug|x64.Build.0 = Debug|x64
		{F0A8B38B-0E18-4FA4-8C69-2756E041FE59}.Debug|x86.ActiveCfg = Debug|Win32
		{F0A8B38B-0E18-4FA4-8C69-2756E041FE59}.Debug|x86.Build.0 = Debug|Win32
		{F0A8B38B-0E18-4FA4-8C69-2756E041FE59}.Release|x64.ActiveCfg = Release|x64
		{F0A8B38B-0E18-4FA4-8C69-2756E041FE59}.Release|x64.Build.0 = Release|x64
		{F0A8B38B-0E18-4FA4-8C69-2756E041FE59}.Release|x86.ActiveCfg = Release|Win32
		{F0A8B38B-0E18-4FA4-8C69-2756E041FE59}.Release|x86.Build.0 = Release|Win32
		{B36E4F26-4E4B-4DB3-B79E-FC358DB614E5}.Debug|x64.ActiveCfg = Debug|x64
		{B36E4F26-4E4B-4DB3-B79E-FC358DB614E5}.Debug|x64.Build.0 = Debug|x64
		{B36E4F26-4E4B-4DB3-B79E-FC358DB614E5}.Debug|x86.ActiveCfg = Debug|Win32
		{B36E4F26-4E4B-4DB3-B79E-FC358DB614E5}.Debug|x86.Build.0 = Debug|Win32
		{B36E4F26-4E4B-4DB3-B79E-FC358DB614E5}.Release|x64.ActiveCfg = Release|x64
		{B36E4F26-4E4B-4DB3-B79E-FC358DB614E5}.Release|x64.Build.0 = Release|x64
		{B36E4F26-4E4B-4DB3-B79E-FC358DB614E5}.Release|x86.ActiveCfg = Release|Win32
		{B36E4F26-4E4B-4DB3-B79E-FC358DB614E5}.Release|x86.Build.0 = Release|Win32
		{BCBAC259-0A09-42DC-8727-B02B6D43E7D0}.Debug|x64.ActiveCfg = Debug|x64
		{BCBAC259-0A09-42DC-8727-B02B6D43E7D0}.Debug|x64.Build.0 = Debug|x64
		{BCBAC259-0A09-42DC-8727-B02B6D43E7D0}.Debug|x86.ActiveCfg = Debug|Win32
		{BCBAC259-0A09-42DC-8727-B02B6D43E7D0}.Debug|x86.Build.0 = Debug|Win32
		{BCBAC259-0A09-42DC-8727-B02B6D43E7D0}.Release|x64.ActiveCfg = Release|x64
		{BCBAC259-0A09-42DC-8727-B02B6D43E7D0}.Release|x64.Build.0 = Release|x64
		{BCBAC259-0A09-42DC-8727-B02B6D43E7D0}.Release|x86.ActiveCfg = Release|Win32
		{BCBAC259-0A09-42DC-8727-B02B6D43E7D0}.Release|x86.Build.0 = Release|Win32
		{984CF9F2-B80A-434B-A6C4-F4057316B7C9}.Debug|x64.ActiveCfg = Debug|x64
		{984CF9F2-B80A-434B-A6C4-F4057316B7C9}.Debug|x64.Build.0 = Debug|x64
		{984CF9F2-B80A-434B-A6C4-F4057316B7C9}.Debug|x86.ActiveCfg = Debug|Win32
		{984CF9F2-B80A-434B-A6C4-F4057316B7C9}.Debug|x86.Build.0 = Debug|Win32
		{984CF9F2-B80A-434B-A6C4-F4057316B7C9}.Release|x64.ActiveCfg = Release|x64
		{984CF9F2-B80A-434B-A6C4-F4057316B7C9}.Release|x64.Build.0 = Release|x64
		{984CF9F2-B80A-434B-A6C4-F4057316B7C9}.Release|x86.ActiveCfg = Release|Win32
		{984CF9F2-B80A-434B-A6C4-F4057316B7C9}.Release|x86.Build.0 = Release|Win32
		{B0DDC376-58A6-4E48-B587-4AE07F61213B}.Debug|x64.ActiveCfg = Debug|x64
		{B0DDC376-58A6-4E48-B587-4AE07F61213B}.Debug|x64.Build.0 = Debug|x64
		{B0DDC376-58A6-4E48-B587-4AE07F61213B}.Debug|x86.ActiveCfg = Debug|Win32
		{B0DDC376-58A6-4E48-B587-4AE07F61213B}.Debug|x86.Build.0 = Debug|Win32
		{B0DDC376-58A6-4E48-B587-4AE07F61213B}.Release|x64.ActiveCfg = Release|x64
		{B0DDC376-58A6-4E48-B587-4AE07F61213B}.Release|x64.Build.0 = Release|x64
		{B0DDC376-58A6-4E48-B587-4AE07F61213B}.Release|x86.ActiveCfg = Release|Win32
		{B0DDC376-58A6-4E48-B587-4AE07F61213B}.Release|x86.Build.0 = Release|Win32
		{D4AA5407-A4BB-4E9D-9626-128DD20E56EC}.Debug|x64.ActiveCfg = Debug|x64
		{D4AA5407-A4BB-4E9D-9626-128DD20E56EC}.Debug|x64.Build.0 = Debug|x64
		{D4AA5407-A4BB-4E9D-9626-128DD20E56EC}.Debug|x86.ActiveCfg = Debug|Win32
		{D4AA5407-A4BB-4E9D-9626-128DD20E56EC}.Debug|x86.Build.0 = Debug|Win32
		{D4AA5407-A4BB-4E9D-9626-128DD20E56EC}.Release|x64.ActiveCfg = Release|x64
		{D4AA5407-A4BB-4E9D-9626-128DD20E56EC}.Release|x64.Build.0 = Release|x64
		{D4AA5407-A4BB-4E9D-9626-128DD20E56EC}.Release|x86.ActiveCfg = Release|Win32
		{D4AA5407-A4BB-4E9D-9626-128DD20E56EC}.Release|x86.Build.0 = Release|Win32
		{C93AD26F-E9D5-419F-82CB-22A57654CAF1}.Debug|x64.ActiveCfg = Debug|x64
		{C93AD26F-E9D5-419F-82CB-22A57654CAF1}.Debug|x64.Build.0 = Debug|x64
		{C93AD26F-E9D5-419F-82CB-22A57654CAF1}.Debug|x86.ActiveCfg = Debug|Win32
		{C93AD26F-E9D5-419F-82CB-22A57654CAF1}.Debug|x86.Build.0 = Debug|Win32
		{C93AD26F-E9D5-419F-82CB-22A57654CAF1}.Release|x64.ActiveCfg = Release|x64
		{C93AD26F-E9D5-419F-82CB-22A57654CAF1}.Release|x64.Build.0 = Release|x64
		{C93AD26F-E9D5-419F-82CB-22A57654CAF1}.Release|x86.ActiveCfg = Release|Win32
		{C93AD26F-E9D5-419F-82CB-22A57654CAF1}.Release|x86.Build.0 = Release|Win32
		{D8ABF6E8-334F-4BCF-A97C-8C97B3B086B9}.Debug|x64.ActiveCfg = Debug|x64
		{D8ABF6E8-334F-4BCF-A97C-8C97B3B086B9}.Debug|x64.Build.0 = Debug|x64
		{D8ABF6E8-334F-4BCF-A97C-8C97B3B086B9}.Debug|x86.ActiveCfg = Debug|Win32
		{D8ABF6E8-334F-4BCF-A97C-8C97B3B086B9}.Debug|x86.Build.0 = Debug|Win32
		{D8ABF6E8-334F-4BCF-A97C-8C97B3B086B9}.Release|x64.ActiveCfg = Release|x64
		{D8ABF6E8-334F-4BCF-A97C-8C97B3B086B9}.Release|x64.Build.0 = Release|x64
		{D8ABF6E8-334F-4BCF-A97C-8C97B3B086B9}.Release|x86.ActiveCfg = Release|Win32
		{D8ABF6E8-334F-4BCF-A97C-8C97B3B086B9}.Release|x86.Build.0 = Release|Win32
		{583A42DF-B08A-4962-AB97-5DD1B932234E}.Debug|x64.ActiveCfg = Debug|x64
		{583A42DF-B08A-4962-AB97-5DD1B932234E}.Debug|x64.Build.0 = Debug|x64
		{583A42DF-B08A-4962-AB97-5DD1B932234E}.Debug|x86.ActiveCfg = Debug|Win32
		{583A42DF-B08A-4962-AB97-5DD1B932234E}.Debug|x86.Build.0 = Debug|Win32
		{583A42DF-B08A-4962-AB97-5DD1B932234E}.Release|x64.ActiveCfg = Release|x64
		{583A42DF-B08A-4962-AB97-5DD1B932234E}.Release|x64.Build.0 = Release|x64
		{583A42DF-B08A-4962-AB97-5DD1B932234E}.Release|x86.ActiveCfg = Release|Win32
		{583A42DF-B08A-4962-AB97-5DD1B932234E}.Release|x86.Build.0 = Release|Win32
	EndGlobalSection
	GlobalSection(SolutionProperties) = preSolution
		HideSolutionNode = FALSE
	EndGlobalSection
	GlobalSection(ExtensibilityGlobals) = postSolution
		SolutionGuid = {61E7B0C7-240B-4357-8676-30C0B367E08C}
	EndGlobalSection
EndGlobal
