
Microsoft Visual Studio Solution File, Format Version 12.00
# Visual Studio Version 16
VisualStudioVersion = 16.0.31424.327
MinimumVisualStudioVersion = 10.0.40219.1
Project("{8BC9CEB8-8B4A-11D0-8D11-00A0C91BC942}") = "ControlTask_1", "Task_1\Task_1.vcxproj", "{CFF5B7C9-6F01-4780-9381-568B817EF89E}"
EndProject
Project("{8BC9CEB8-8B4A-11D0-8D11-00A0C91BC942}") = "ControlTask_2", "Task_2\Task_2.vcxproj", "{696B1C29-4118-48C6-BD4F-DB36365F5BAC}"
EndProject
Project("{8BC9CEB8-8B4A-11D0-8D11-00A0C91BC942}") = "ControlTask_3", "Task_3\Task_3.vcxproj", "{AEF0A651-BCA8-4936-94FF-41B8886B007E}"
EndProject
Project("{8BC9CEB8-8B4A-11D0-8D11-00A0C91BC942}") = "ControlTask_4", "ControlTask_4\ControlTask_4.vcxproj", "{369E4F87-4A66-4E6C-B6B1-7E1084296007}"
EndProject
Project("{8BC9CEB8-8B4A-11D0-8D11-00A0C91BC942}") = "ControlTask_5", "ControlTask_5\ControlTask_5.vcxproj", "{D1B6C031-DB6C-49F5-9754-88A9B408F691}"
EndProject
Project("{8BC9CEB8-8B4A-11D0-8D11-00A0C91BC942}") = "ControlTask_6", "ControlTask_6\ControlTask_6.vcxproj", "{F0A8B38B-0E18-4FA4-8C69-2756E041FE59}"
EndProject
Project("{8BC9CEB8-8B4A-11D0-8D11-00A0C91BC942}") = "ControlTask_7", "ControlTask_7\ControlTask_7.vcxproj", "{B36E4F26-4E4B-4DB3-B79E-FC358DB614E5}"
EndProject
Global
	GlobalSection(SolutionConfigurationPlatforms) = preSolution
		Debug|x64 = Debug|x64
		Debug|x86 = Debug|x86
		Release|x64 = Release|x64
		Release|x86 = Release|x86
	EndGlobalSection
	GlobalSection(ProjectConfigurationPlatforms) = postSolution
		{CFF5B7C9-6F01-4780-9381-568B817EF89E}.Debug|x64.ActiveCfg = Debug|x64
		{CFF5B7C9-6F01-4780-9381-568B817EF89E}.Debug|x64.Build.0 = Debug|x64
		{CFF5B7C9-6F01-4780-9381-568B817EF89E}.Debug|x86.ActiveCfg = Debug|Win32
		{CFF5B7C9-6F01-4780-9381-568B817EF89E}.Debug|x86.Build.0 = Debug|Win32
		{CFF5B7C9-6F01-4780-9381-568B817EF89E}.Release|x64.ActiveCfg = Release|x64
		{CFF5B7C9-6F01-4780-9381-568B817EF89E}.Release|x64.Build.0 = Release|x64
		{CFF5B7C9-6F01-4780-9381-568B817EF89E}.Release|x86.ActiveCfg = Release|Win32
		{CFF5B7C9-6F01-4780-9381-568B817EF89E}.Release|x86.Build.0 = Release|Win32
		{696B1C29-4118-48C6-BD4F-DB36365F5BAC}.Debug|x64.ActiveCfg = Debug|x64
		{696B1C29-4118-48C6-BD4F-DB36365F5BAC}.Debug|x64.Build.0 = Debug|x64
		{696B1C29-4118-48C6-BD4F-DB36365F5BAC}.Debug|x86.ActiveCfg = Debug|Win32
		{696B1C29-4118-48C6-BD4F-DB36365F5BAC}.Debug|x86.Build.0 = Debug|Win32
		{696B1C29-4118-48C6-BD4F-DB36365F5BAC}.Release|x64.ActiveCfg = Release|x64
		{696B1C29-4118-48C6-BD4F-DB36365F5BAC}.Release|x64.Build.0 = Release|x64
		{696B1C29-4118-48C6-BD4F-DB36365F5BAC}.Release|x86.ActiveCfg = Release|Win32
		{696B1C29-4118-48C6-BD4F-DB36365F5BAC}.Release|x86.Build.0 = Release|Win32
		{AEF0A651-BCA8-4936-94FF-41B8886B007E}.Debug|x64.ActiveCfg = Debug|x64
		{AEF0A651-BCA8-4936-94FF-41B8886B007E}.Debug|x64.Build.0 = Debug|x64
		{AEF0A651-BCA8-4936-94FF-41B8886B007E}.Debug|x86.ActiveCfg = Debug|Win32
		{AEF0A651-BCA8-4936-94FF-41B8886B007E}.Debug|x86.Build.0 = Debug|Win32
		{AEF0A651-BCA8-4936-94FF-41B8886B007E}.Release|x64.ActiveCfg = Release|x64
		{AEF0A651-BCA8-4936-94FF-41B8886B007E}.Release|x64.Build.0 = Release|x64
		{AEF0A651-BCA8-4936-94FF-41B8886B007E}.Release|x86.ActiveCfg = Release|Win32
		{AEF0A651-BCA8-4936-94FF-41B8886B007E}.Release|x86.Build.0 = Release|Win32
		{369E4F87-4A66-4E6C-B6B1-7E1084296007}.Debug|x64.ActiveCfg = Debug|x64
		{369E4F87-4A66-4E6C-B6B1-7E1084296007}.Debug|x64.Build.0 = Debug|x64
		{369E4F87-4A66-4E6C-B6B1-7E1084296007}.Debug|x86.ActiveCfg = Debug|Win32
		{369E4F87-4A66-4E6C-B6B1-7E1084296007}.Debug|x86.Build.0 = Debug|Win32
		{369E4F87-4A66-4E6C-B6B1-7E1084296007}.Release|x64.ActiveCfg = Release|x64
		{369E4F87-4A66-4E6C-B6B1-7E1084296007}.Release|x64.Build.0 = Release|x64
		{369E4F87-4A66-4E6C-B6B1-7E1084296007}.Release|x86.ActiveCfg = Release|Win32
		{369E4F87-4A66-4E6C-B6B1-7E1084296007}.Release|x86.Build.0 = Release|Win32
		{D1B6C031-DB6C-49F5-9754-88A9B408F691}.Debug|x64.ActiveCfg = Debug|x64
		{D1B6C031-DB6C-49F5-9754-88A9B408F691}.Debug|x64.Build.0 = Debug|x64
		{D1B6C031-DB6C-49F5-9754-88A9B408F691}.Debug|x86.ActiveCfg = Debug|Win32
		{D1B6C031-DB6C-49F5-9754-88A9B408F691}.Debug|x86.Build.0 = Debug|Win32
		{D1B6C031-DB6C-49F5-9754-88A9B408F691}.Release|x64.ActiveCfg = Release|x64
		{D1B6C031-DB6C-49F5-9754-88A9B408F691}.Release|x64.Build.0 = Release|x64
		{D1B6C031-DB6C-49F5-9754-88A9B408F691}.Release|x86.ActiveCfg = Release|Win32
		{D1B6C031-DB6C-49F5-9754-88A9B408F691}.Release|x86.Build.0 = Release|Win32
		{F0A8B38B-0E18-4FA4-8C69-2756E041FE59}.Debug|x64.ActiveCfg = Debug|x64
		{F0A8B38B-0E18-4FA4-8C69-2756E041FE59}.Debug|x64.Build.0 = Debug|x64
		{F0A8B38B-0E18-4FA4-8C69-2756E041FE59}.Debug|x86.ActiveCfg = Debug|Win32
		{F0A8B38B-0E18-4FA4-8C69-2756E041FE59}.Debug|x86.Build.0 = Debug|Win32
		{F0A8B38B-0E18-4FA4-8C69-2756E041FE59}.Release|x64.ActiveCfg = Release|x64
		{F0A8B38B-0E18-4FA4-8C69-2756E041FE59}.Release|x64.Build.0 = Release|x64
		{F0A8B38B-0E18-4FA4-8C69-2756E041FE59}.Release|x86.ActiveCfg = Release|Win32
		{F0A8B38B-0E18-4FA4-8C69-2756E041FE59}.Release|x86.Build.0 = Release|Win32
		{B36E4F26-4E4B-4DB3-B79E-FC358DB614E5}.Debug|x64.ActiveCfg = Debug|x64
		{B36E4F26-4E4B-4DB3-B79E-FC358DB614E5}.Debug|x64.Build.0 = Debug|x64
		{B36E4F26-4E4B-4DB3-B79E-FC358DB614E5}.Debug|x86.ActiveCfg = Debug|Win32
		{B36E4F26-4E4B-4DB3-B79E-FC358DB614E5}.Debug|x86.Build.0 = Debug|Win32
		{B36E4F26-4E4B-4DB3-B79E-FC358DB614E5}.Release|x64.ActiveCfg = Release|x64
		{B36E4F26-4E4B-4DB3-B79E-FC358DB614E5}.Release|x64.Build.0 = Release|x64
		{B36E4F26-4E4B-4DB3-B79E-FC358DB614E5}.Release|x86.ActiveCfg = Release|Win32
		{B36E4F26-4E4B-4DB3-B79E-FC358DB614E5}.Release|x86.Build.0 = Release|Win32
	EndGlobalSection
	GlobalSection(SolutionProperties) = preSolution
		HideSolutionNode = FALSE
	EndGlobalSection
	GlobalSection(ExtensibilityGlobals) = postSolution
		SolutionGuid = {61E7B0C7-240B-4357-8676-30C0B367E08C}
	EndGlobalSection
EndGlobal
